
Microsoft Visual Studio Solution File, Format Version 12.00
# Visual Studio Version 16
VisualStudioVersion = 16.0.29409.12
MinimumVisualStudioVersion = 10.0.40219.1
Project("{FAE04EC0-301F-11D3-BF4B-00C04F79EFBC}") = "test2", "test2\test2.csproj", "{EFC04A74-9C9A-47CB-B257-DCBAC4C9D523}"
EndProject
Global
	GlobalSection(SolutionConfigurationPlatforms) = preSolution
		Debug|Any CPU = Debug|Any CPU
		Release|Any CPU = Release|Any CPU
	EndGlobalSection
	GlobalSection(ProjectConfigurationPlatforms) = postSolution
		{EFC04A74-9C9A-47CB-B257-DCBAC4C9D523}.Debug|Any CPU.ActiveCfg = Debug|Any CPU
		{EFC04A74-9C9A-47CB-B257-DCBAC4C9D523}.Debug|Any CPU.Build.0 = Debug|Any CPU
		{EFC04A74-9C9A-47CB-B257-DCBAC4C9D523}.Release|Any CPU.ActiveCfg = Release|Any CPU
		{EFC04A74-9C9A-47CB-B257-DCBAC4C9D523}.Release|Any CPU.Build.0 = Release|Any CPU
	EndGlobalSection
	GlobalSection(SolutionProperties) = preSolution
		HideSolutionNode = FALSE
	EndGlobalSection
	GlobalSection(ExtensibilityGlobals) = postSolution
		SolutionGuid = {F9D48CEA-69F8-4AFA-A52B-609EEE7F42FB}
	EndGlobalSection
EndGlobal
